
Microsoft Visual Studio Solution File, Format Version 12.00
# Visual Studio Version 16
VisualStudioVersion = 16.0.29020.237
MinimumVisualStudioVersion = 10.0.40219.1
Project("{FAE04EC0-301F-11D3-BF4B-00C04F79EFBC}") = "CMSWebForm", "CMSWebForm\CMSWebForm.csproj", "{2356F417-3011-4D54-8C01-A0F9928E60F2}"
EndProject
Project("{FAE04EC0-301F-11D3-BF4B-00C04F79EFBC}") = "BusinessLayer", "BusinessLayer\BusinessLayer.csproj", "{542264E8-0B8F-49AC-AC50-261C9BD8B6B8}"
EndProject
Project("{FAE04EC0-301F-11D3-BF4B-00C04F79EFBC}") = "DAL", "DAL\DAL.csproj", "{7448584B-6BE2-461E-99F8-87F9DF86CEB1}"
EndProject
Global
	GlobalSection(SolutionConfigurationPlatforms) = preSolution
		Debug|Any CPU = Debug|Any CPU
		Release|Any CPU = Release|Any CPU
	EndGlobalSection
	GlobalSection(ProjectConfigurationPlatforms) = postSolution
		{2356F417-3011-4D54-8C01-A0F9928E60F2}.Debug|Any CPU.ActiveCfg = Debug|Any CPU
		{2356F417-3011-4D54-8C01-A0F9928E60F2}.Debug|Any CPU.Build.0 = Debug|Any CPU
		{2356F417-3011-4D54-8C01-A0F9928E60F2}.Release|Any CPU.ActiveCfg = Release|Any CPU
		{2356F417-3011-4D54-8C01-A0F9928E60F2}.Release|Any CPU.Build.0 = Release|Any CPU
		{542264E8-0B8F-49AC-AC50-261C9BD8B6B8}.Debug|Any CPU.ActiveCfg = Debug|Any CPU
		{542264E8-0B8F-49AC-AC50-261C9BD8B6B8}.Debug|Any CPU.Build.0 = Debug|Any CPU
		{542264E8-0B8F-49AC-AC50-261C9BD8B6B8}.Release|Any CPU.ActiveCfg = Release|Any CPU
		{542264E8-0B8F-49AC-AC50-261C9BD8B6B8}.Release|Any CPU.Build.0 = Release|Any CPU
		{7448584B-6BE2-461E-99F8-87F9DF86CEB1}.Debug|Any CPU.ActiveCfg = Debug|Any CPU
		{7448584B-6BE2-461E-99F8-87F9DF86CEB1}.Debug|Any CPU.Build.0 = Debug|Any CPU
		{7448584B-6BE2-461E-99F8-87F9DF86CEB1}.Release|Any CPU.ActiveCfg = Release|Any CPU
		{7448584B-6BE2-461E-99F8-87F9DF86CEB1}.Release|Any CPU.Build.0 = Release|Any CPU
	EndGlobalSection
	GlobalSection(SolutionProperties) = preSolution
		HideSolutionNode = FALSE
	EndGlobalSection
	GlobalSection(ExtensibilityGlobals) = postSolution
		SolutionGuid = {367CF93F-40C4-40C4-9AEF-9908799970DA}
	EndGlobalSection
EndGlobal
